
Microsoft Visual Studio Solution File, Format Version 12.00
# Visual Studio Version 16
VisualStudioVersion = 16.0.31729.503
MinimumVisualStudioVersion = 10.0.40219.1
Project("{FAE04EC0-301F-11D3-BF4B-00C04F79EFBC}") = "Paint", "Paint.csproj", "{0C3A1395-1DDB-4EA3-B23C-58EA947BD375}"
EndProject
Global
	GlobalSection(SolutionConfigurationPlatforms) = preSolution
		Debug|Any CPU = Debug|Any CPU
		Release|Any CPU = Release|Any CPU
	EndGlobalSection
	GlobalSection(ProjectConfigurationPlatforms) = postSolution
		{0C3A1395-1DDB-4EA3-B23C-58EA947BD375}.Debug|Any CPU.ActiveCfg = Debug|Any CPU
		{0C3A1395-1DDB-4EA3-B23C-58EA947BD375}.Debug|Any CPU.Build.0 = Debug|Any CPU
		{0C3A1395-1DDB-4EA3-B23C-58EA947BD375}.Release|Any CPU.ActiveCfg = Release|Any CPU
		{0C3A1395-1DDB-4EA3-B23C-58EA947BD375}.Release|Any CPU.Build.0 = Release|Any CPU
	EndGlobalSection
	GlobalSection(SolutionProperties) = preSolution
		HideSolutionNode = FALSE
	EndGlobalSection
	GlobalSection(ExtensibilityGlobals) = postSolution
		SolutionGuid = {A6FAE905-B4AE-4B56-BD2A-B35912638712}
	EndGlobalSection
EndGlobal
